
Microsoft Visual Studio Solution File, Format Version 12.00
# Visual Studio Version 17
VisualStudioVersion = 17.14.36327.8
MinimumVisualStudioVersion = 10.0.40219.1
Project("{2150E333-8FDC-42A3-9474-1A3956D46DE8}") = "Projektmappenelemente", "Projektmappenelemente", "{84D27F74-D2BA-6C25-2661-968F101900D9}"
	ProjectSection(SolutionItems) = preProject
		README.md = README.md
	EndProjectSection
EndProject
Project("{FAE04EC0-301F-11D3-BF4B-00C04F79EFBC}") = "LaenderTeil1", "OOP_Uebungen\AB02\LaenderTeil1\LaenderTeil1.csproj", "{0C029C31-2F92-E9C3-DFB3-1A9D9FC0466D}"
EndProject
Project("{FAE04EC0-301F-11D3-BF4B-00C04F79EFBC}") = "LaenderTeil2", "OOP_Uebungen\AB03\LaenderTeil2\LaenderTeil2.csproj", "{813BF884-DB91-481B-9EE0-0AD34FF798D9}"
EndProject
Project("{FAE04EC0-301F-11D3-BF4B-00C04F79EFBC}") = "NotizenTeil1", "OOP_Uebungen\AB02\NotizenTeil1\NotizenTeil1.csproj", "{1940B7C0-E4CE-4BD8-ADF5-08166694090D}"
EndProject
Project("{FAE04EC0-301F-11D3-BF4B-00C04F79EFBC}") = "NotizenTeil2", "OOP_Uebungen\AB03\NotizenTeil2\NotizenTeil2.csproj", "{7B63B1F0-A347-484A-A077-907385F50761}"
EndProject
Project("{FAE04EC0-301F-11D3-BF4B-00C04F79EFBC}") = "LagerverwaltungTeil1", "OOP_Uebungen\AB02\LagerverwaltungTeil1\LagerverwaltungTeil1.csproj", "{1DDAED19-2EE9-52B1-C0D5-31DEDB015343}"
EndProject
Project("{FAE04EC0-301F-11D3-BF4B-00C04F79EFBC}") = "LagerverwaltungTeil2", "OOP_Uebungen\AB02\LagerverwaltungTeil2\LagerverwaltungTeil2.csproj", "{5111A61E-E23A-3005-8B11-10F7193057E1}"
EndProject
Project("{FAE04EC0-301F-11D3-BF4B-00C04F79EFBC}") = "Tickets", "OOP_Uebungen\AB04\Tickets\Tickets.csproj", "{5BB29028-3174-46C9-80A8-99EBF1DC07DF}"
EndProject
Project("{FAE04EC0-301F-11D3-BF4B-00C04F79EFBC}") = "MiniCLI", "OOP_Uebungen\AB04\MiniCLI\MiniCLI.csproj", "{EDA5A81C-448B-4B2E-8660-28D7E9D4D181}"
EndProject
Project("{FAE04EC0-301F-11D3-BF4B-00C04F79EFBC}") = "Logger", "OOP_Uebungen\AB04\Logger\Logger.csproj", "{A8837E0F-EF45-4228-B231-18BF895F93E4}"
EndProject
Project("{FAE04EC0-301F-11D3-BF4B-00C04F79EFBC}") = "ArtikelMitVererbung", "OOP_Uebungen\AB05\ArtikelMitVererbung\ArtikelMitVererbung.csproj", "{F3FF34BE-B62C-4A4B-88B0-CC4A4F8B8B44}"
EndProject
Global
	GlobalSection(SolutionConfigurationPlatforms) = preSolution
		Debug|Any CPU = Debug|Any CPU
		Release|Any CPU = Release|Any CPU
	EndGlobalSection
	GlobalSection(ProjectConfigurationPlatforms) = postSolution
		{0C029C31-2F92-E9C3-DFB3-1A9D9FC0466D}.Debug|Any CPU.ActiveCfg = Debug|Any CPU
		{0C029C31-2F92-E9C3-DFB3-1A9D9FC0466D}.Debug|Any CPU.Build.0 = Debug|Any CPU
		{0C029C31-2F92-E9C3-DFB3-1A9D9FC0466D}.Release|Any CPU.ActiveCfg = Release|Any CPU
		{0C029C31-2F92-E9C3-DFB3-1A9D9FC0466D}.Release|Any CPU.Build.0 = Release|Any CPU
		{813BF884-DB91-481B-9EE0-0AD34FF798D9}.Debug|Any CPU.ActiveCfg = Debug|Any CPU
		{813BF884-DB91-481B-9EE0-0AD34FF798D9}.Debug|Any CPU.Build.0 = Debug|Any CPU
		{813BF884-DB91-481B-9EE0-0AD34FF798D9}.Release|Any CPU.ActiveCfg = Release|Any CPU
		{813BF884-DB91-481B-9EE0-0AD34FF798D9}.Release|Any CPU.Build.0 = Release|Any CPU
		{1940B7C0-E4CE-4BD8-ADF5-08166694090D}.Debug|Any CPU.ActiveCfg = Debug|Any CPU
		{1940B7C0-E4CE-4BD8-ADF5-08166694090D}.Debug|Any CPU.Build.0 = Debug|Any CPU
		{1940B7C0-E4CE-4BD8-ADF5-08166694090D}.Release|Any CPU.ActiveCfg = Release|Any CPU
		{1940B7C0-E4CE-4BD8-ADF5-08166694090D}.Release|Any CPU.Build.0 = Release|Any CPU
		{7B63B1F0-A347-484A-A077-907385F50761}.Debug|Any CPU.ActiveCfg = Debug|Any CPU
		{7B63B1F0-A347-484A-A077-907385F50761}.Debug|Any CPU.Build.0 = Debug|Any CPU
		{7B63B1F0-A347-484A-A077-907385F50761}.Release|Any CPU.ActiveCfg = Release|Any CPU
		{7B63B1F0-A347-484A-A077-907385F50761}.Release|Any CPU.Build.0 = Release|Any CPU
		{1DDAED19-2EE9-52B1-C0D5-31DEDB015343}.Debug|Any CPU.ActiveCfg = Debug|Any CPU
		{1DDAED19-2EE9-52B1-C0D5-31DEDB015343}.Debug|Any CPU.Build.0 = Debug|Any CPU
		{1DDAED19-2EE9-52B1-C0D5-31DEDB015343}.Release|Any CPU.ActiveCfg = Release|Any CPU
		{1DDAED19-2EE9-52B1-C0D5-31DEDB015343}.Release|Any CPU.Build.0 = Release|Any CPU
		{5111A61E-E23A-3005-8B11-10F7193057E1}.Debug|Any CPU.ActiveCfg = Debug|Any CPU
		{5111A61E-E23A-3005-8B11-10F7193057E1}.Debug|Any CPU.Build.0 = Debug|Any CPU
		{5111A61E-E23A-3005-8B11-10F7193057E1}.Release|Any CPU.ActiveCfg = Release|Any CPU
		{5111A61E-E23A-3005-8B11-10F7193057E1}.Release|Any CPU.Build.0 = Release|Any CPU
		{5BB29028-3174-46C9-80A8-99EBF1DC07DF}.Debug|Any CPU.ActiveCfg = Debug|Any CPU
		{5BB29028-3174-46C9-80A8-99EBF1DC07DF}.Debug|Any CPU.Build.0 = Debug|Any CPU
		{5BB29028-3174-46C9-80A8-99EBF1DC07DF}.Release|Any CPU.ActiveCfg = Release|Any CPU
		{5BB29028-3174-46C9-80A8-99EBF1DC07DF}.Release|Any CPU.Build.0 = Release|Any CPU
		{EDA5A81C-448B-4B2E-8660-28D7E9D4D181}.Debug|Any CPU.ActiveCfg = Debug|Any CPU
		{EDA5A81C-448B-4B2E-8660-28D7E9D4D181}.Debug|Any CPU.Build.0 = Debug|Any CPU
		{EDA5A81C-448B-4B2E-8660-28D7E9D4D181}.Release|Any CPU.ActiveCfg = Release|Any CPU
		{EDA5A81C-448B-4B2E-8660-28D7E9D4D181}.Release|Any CPU.Build.0 = Release|Any CPU
		{A8837E0F-EF45-4228-B231-18BF895F93E4}.Debug|Any CPU.ActiveCfg = Debug|Any CPU
		{A8837E0F-EF45-4228-B231-18BF895F93E4}.Debug|Any CPU.Build.0 = Debug|Any CPU
		{A8837E0F-EF45-4228-B231-18BF895F93E4}.Release|Any CPU.ActiveCfg = Release|Any CPU
		{A8837E0F-EF45-4228-B231-18BF895F93E4}.Release|Any CPU.Build.0 = Release|Any CPU
		{F3FF34BE-B62C-4A4B-88B0-CC4A4F8B8B44}.Debug|Any CPU.ActiveCfg = Debug|Any CPU
		{F3FF34BE-B62C-4A4B-88B0-CC4A4F8B8B44}.Debug|Any CPU.Build.0 = Debug|Any CPU
		{F3FF34BE-B62C-4A4B-88B0-CC4A4F8B8B44}.Release|Any CPU.ActiveCfg = Release|Any CPU
		{F3FF34BE-B62C-4A4B-88B0-CC4A4F8B8B44}.Release|Any CPU.Build.0 = Release|Any CPU
	EndGlobalSection
	GlobalSection(SolutionProperties) = preSolution
		HideSolutionNode = FALSE
	EndGlobalSection
	GlobalSection(ExtensibilityGlobals) = postSolution
		SolutionGuid = {8F7FBB10-983B-455A-8190-BDA82D9D8416}
	EndGlobalSection
EndGlobal
